
Microsoft Visual Studio Solution File, Format Version 12.00
# Visual Studio 15
VisualStudioVersion = 15.0.27428.2037
MinimumVisualStudioVersion = 10.0.40219.1
Project("{FAE04EC0-301F-11D3-BF4B-00C04F79EFBC}") = "AspNetCore.Security.Jwt.Microservice", "AspNetCore.Security.Jwt.Microservice\AspNetCore.Security.Jwt.Microservice.csproj", "{AEF5585D-252B-4BD9-99D2-46FE3416C6D3}"
EndProject
Project("{2150E333-8FDC-42A3-9474-1A3956D46DE8}") = "Solution Items", "Solution Items", "{8C405EDA-5494-492F-BB20-B50C968C5826}"
	ProjectSection(SolutionItems) = preProject
		.gitignore = .gitignore
		Demo.jpg = Demo.jpg
		LICENSE = LICENSE
		README.md = README.md
	EndProjectSection
EndProject
Global
	GlobalSection(SolutionConfigurationPlatforms) = preSolution
		Debug|Any CPU = Debug|Any CPU
		Release|Any CPU = Release|Any CPU
	EndGlobalSection
	GlobalSection(ProjectConfigurationPlatforms) = postSolution
		{AEF5585D-252B-4BD9-99D2-46FE3416C6D3}.Debug|Any CPU.ActiveCfg = Debug|Any CPU
		{AEF5585D-252B-4BD9-99D2-46FE3416C6D3}.Debug|Any CPU.Build.0 = Debug|Any CPU
		{AEF5585D-252B-4BD9-99D2-46FE3416C6D3}.Release|Any CPU.ActiveCfg = Release|Any CPU
		{AEF5585D-252B-4BD9-99D2-46FE3416C6D3}.Release|Any CPU.Build.0 = Release|Any CPU
	EndGlobalSection
	GlobalSection(SolutionProperties) = preSolution
		HideSolutionNode = FALSE
	EndGlobalSection
	GlobalSection(ExtensibilityGlobals) = postSolution
		SolutionGuid = {BC26EACC-0103-4B12-9200-DADC64323B39}
	EndGlobalSection
EndGlobal
